
Microsoft Visual Studio Solution File, Format Version 12.00
# Visual Studio Version 17
VisualStudioVersion = 17.10.35013.160
MinimumVisualStudioVersion = 10.0.40219.1
Project("{FAE04EC0-301F-11D3-BF4B-00C04F79EFBC}") = "UML_diagram", "UML_diagram\UML_diagram.csproj", "{D98A9A73-6DA6-42BD-82B1-8A45EFCCE7CE}"
EndProject
Global
	GlobalSection(SolutionConfigurationPlatforms) = preSolution
		Debug|Any CPU = Debug|Any CPU
		Release|Any CPU = Release|Any CPU
	EndGlobalSection
	GlobalSection(ProjectConfigurationPlatforms) = postSolution
		{D98A9A73-6DA6-42BD-82B1-8A45EFCCE7CE}.Debug|Any CPU.ActiveCfg = Debug|Any CPU
		{D98A9A73-6DA6-42BD-82B1-8A45EFCCE7CE}.Debug|Any CPU.Build.0 = Debug|Any CPU
		{D98A9A73-6DA6-42BD-82B1-8A45EFCCE7CE}.Release|Any CPU.ActiveCfg = Release|Any CPU
		{D98A9A73-6DA6-42BD-82B1-8A45EFCCE7CE}.Release|Any CPU.Build.0 = Release|Any CPU
	EndGlobalSection
	GlobalSection(SolutionProperties) = preSolution
		HideSolutionNode = FALSE
	EndGlobalSection
	GlobalSection(ExtensibilityGlobals) = postSolution
		SolutionGuid = {A5A9C2E1-CB89-4854-A20B-50CEE2C07BAA}
	EndGlobalSection
EndGlobal
